// !$*UTF8*$!
{
	archiveVersion = 1;
	classes = {
	};
	objectVersion = 46;
	objects = {

/* Begin PBXBuildFile section */
		085C3DBC26F5B6B1DF093290 /* Pods_heartThem.framework in Frameworks */ = {isa = PBXBuildFile; fileRef = F52FE4B59BFC75BFC047C031 /* Pods_heartThem.framework */; };
		6FFE49C81F3DBCE20091F7C7 /* AppDelegate.swift in Sources */ = {isa = PBXBuildFile; fileRef = 6FFE49C71F3DBCE20091F7C7 /* AppDelegate.swift */; };
		6FFE49CA1F3DBCE20091F7C7 /* SignInVC.swift in Sources */ = {isa = PBXBuildFile; fileRef = 6FFE49C91F3DBCE20091F7C7 /* SignInVC.swift */; };
		6FFE49CD1F3DBCE20091F7C7 /* Main.storyboard in Resources */ = {isa = PBXBuildFile; fileRef = 6FFE49CB1F3DBCE20091F7C7 /* Main.storyboard */; };
		6FFE49CF1F3DBCE20091F7C7 /* Assets.xcassets in Resources */ = {isa = PBXBuildFile; fileRef = 6FFE49CE1F3DBCE20091F7C7 /* Assets.xcassets */; };
		6FFE49D21F3DBCE20091F7C7 /* LaunchScreen.storyboard in Resources */ = {isa = PBXBuildFile; fileRef = 6FFE49D01F3DBCE20091F7C7 /* LaunchScreen.storyboard */; };
		6FFE49DA1F3DBEA70091F7C7 /* GoogleService-Info.plist in Resources */ = {isa = PBXBuildFile; fileRef = 6FFE49D91F3DBEA70091F7C7 /* GoogleService-Info.plist */; };
		6FFE49E01F3EB4E60091F7C7 /* constants.swift in Sources */ = {isa = PBXBuildFile; fileRef = 6FFE49DF1F3EB4E50091F7C7 /* constants.swift */; };
		6FFE49E21F3EB52D0091F7C7 /* FancyView.swift in Sources */ = {isa = PBXBuildFile; fileRef = 6FFE49E11F3EB52D0091F7C7 /* FancyView.swift */; };
		6FFE49E41F3EB6470091F7C7 /* RoundButton.swift in Sources */ = {isa = PBXBuildFile; fileRef = 6FFE49E31F3EB6470091F7C7 /* RoundButton.swift */; };
		6FFE49E61F3EB8200091F7C7 /* FancyTextField.swift in Sources */ = {isa = PBXBuildFile; fileRef = 6FFE49E51F3EB8200091F7C7 /* FancyTextField.swift */; };
		6FFE49E81F3EBDE30091F7C7 /* ShadowOnLabel.swift in Sources */ = {isa = PBXBuildFile; fileRef = 6FFE49E71F3EBDE30091F7C7 /* ShadowOnLabel.swift */; };
		6FFE49EA1F3F093B0091F7C7 /* FeedVC.swift in Sources */ = {isa = PBXBuildFile; fileRef = 6FFE49E91F3F093B0091F7C7 /* FeedVC.swift */; };
		6FFE49EC1F3F26F30091F7C7 /* RoundImage.swift in Sources */ = {isa = PBXBuildFile; fileRef = 6FFE49EB1F3F26F30091F7C7 /* RoundImage.swift */; };
		6FFE49F01F3F5BFE0091F7C7 /* PostCell.swift in Sources */ = {isa = PBXBuildFile; fileRef = 6FFE49EF1F3F5BFE0091F7C7 /* PostCell.swift */; };
/* End PBXBuildFile section */

/* Begin PBXFileReference section */
		54DE98942E12C147B4294668 /* Pods-heartThem.debug.xcconfig */ = {isa = PBXFileReference; includeInIndex = 1; lastKnownFileType = text.xcconfig; name = "Pods-heartThem.debug.xcconfig"; path = "Pods/Target Support Files/Pods-heartThem/Pods-heartThem.debug.xcconfig"; sourceTree = "<group>"; };
		6FFE49C41F3DBCE20091F7C7 /* heartThem.app */ = {isa = PBXFileReference; explicitFileType = wrapper.application; includeInIndex = 0; path = heartThem.app; sourceTree = BUILT_PRODUCTS_DIR; };
		6FFE49C71F3DBCE20091F7C7 /* AppDelegate.swift */ = {isa = PBXFileReference; lastKnownFileType = sourcecode.swift; path = AppDelegate.swift; sourceTree = "<group>"; };
		6FFE49C91F3DBCE20091F7C7 /* SignInVC.swift */ = {isa = PBXFileReference; lastKnownFileType = sourcecode.swift; path = SignInVC.swift; sourceTree = "<group>"; };
		6FFE49CC1F3DBCE20091F7C7 /* Base */ = {isa = PBXFileReference; lastKnownFileType = file.storyboard; name = Base; path = Base.lproj/Main.storyboard; sourceTree = "<group>"; };
		6FFE49CE1F3DBCE20091F7C7 /* Assets.xcassets */ = {isa = PBXFileReference; lastKnownFileType = folder.assetcatalog; path = Assets.xcassets; sourceTree = "<group>"; };
		6FFE49D11F3DBCE20091F7C7 /* Base */ = {isa = PBXFileReference; lastKnownFileType = file.storyboard; name = Base; path = Base.lproj/LaunchScreen.storyboard; sourceTree = "<group>"; };
		6FFE49D31F3DBCE20091F7C7 /* Info.plist */ = {isa = PBXFileReference; lastKnownFileType = text.plist.xml; path = Info.plist; sourceTree = "<group>"; };
		6FFE49D91F3DBEA70091F7C7 /* GoogleService-Info.plist */ = {isa = PBXFileReference; fileEncoding = 4; lastKnownFileType = text.plist.xml; path = "GoogleService-Info.plist"; sourceTree = "<group>"; };
		6FFE49DF1F3EB4E50091F7C7 /* constants.swift */ = {isa = PBXFileReference; fileEncoding = 4; lastKnownFileType = sourcecode.swift; path = constants.swift; sourceTree = "<group>"; };
		6FFE49E11F3EB52D0091F7C7 /* FancyView.swift */ = {isa = PBXFileReference; fileEncoding = 4; lastKnownFileType = sourcecode.swift; path = FancyView.swift; sourceTree = "<group>"; };
		6FFE49E31F3EB6470091F7C7 /* RoundButton.swift */ = {isa = PBXFileReference; fileEncoding = 4; lastKnownFileType = sourcecode.swift; path = RoundButton.swift; sourceTree = "<group>"; };
		6FFE49E51F3EB8200091F7C7 /* FancyTextField.swift */ = {isa = PBXFileReference; fileEncoding = 4; lastKnownFileType = sourcecode.swift; path = FancyTextField.swift; sourceTree = "<group>"; };
		6FFE49E71F3EBDE30091F7C7 /* ShadowOnLabel.swift */ = {isa = PBXFileReference; fileEncoding = 4; lastKnownFileType = sourcecode.swift; path = ShadowOnLabel.swift; sourceTree = "<group>"; };
		6FFE49E91F3F093B0091F7C7 /* FeedVC.swift */ = {isa = PBXFileReference; fileEncoding = 4; lastKnownFileType = sourcecode.swift; path = FeedVC.swift; sourceTree = "<group>"; };
		6FFE49EB1F3F26F30091F7C7 /* RoundImage.swift */ = {isa = PBXFileReference; fileEncoding = 4; lastKnownFileType = sourcecode.swift; path = RoundImage.swift; sourceTree = "<group>"; };
		6FFE49EF1F3F5BFE0091F7C7 /* PostCell.swift */ = {isa = PBXFileReference; fileEncoding = 4; lastKnownFileType = sourcecode.swift; path = PostCell.swift; sourceTree = "<group>"; };
		8BA5A94371651BC0D742EC10 /* Pods-heartThem.release.xcconfig */ = {isa = PBXFileReference; includeInIndex = 1; lastKnownFileType = text.xcconfig; name = "Pods-heartThem.release.xcconfig"; path = "Pods/Target Support Files/Pods-heartThem/Pods-heartThem.release.xcconfig"; sourceTree = "<group>"; };
		F52FE4B59BFC75BFC047C031 /* Pods_heartThem.framework */ = {isa = PBXFileReference; explicitFileType = wrapper.framework; includeInIndex = 0; path = Pods_heartThem.framework; sourceTree = BUILT_PRODUCTS_DIR; };
/* End PBXFileReference section */

/* Begin PBXFrameworksBuildPhase section */
		6FFE49C11F3DBCE20091F7C7 /* Frameworks */ = {
			isa = PBXFrameworksBuildPhase;
			buildActionMask = 2147483647;
			files = (
				085C3DBC26F5B6B1DF093290 /* Pods_heartThem.framework in Frameworks */,
			);
			runOnlyForDeploymentPostprocessing = 0;
		};
/* End PBXFrameworksBuildPhase section */

/* Begin PBXGroup section */
		28586546D4F1B8B738FE9885 /* Frameworks */ = {
			isa = PBXGroup;
			children = (
				F52FE4B59BFC75BFC047C031 /* Pods_heartThem.framework */,
			);
			name = Frameworks;
			sourceTree = "<group>";
		};
		6FFE49BB1F3DBCE20091F7C7 = {
			isa = PBXGroup;
			children = (
				6FFE49C61F3DBCE20091F7C7 /* heartThem */,
				6FFE49C51F3DBCE20091F7C7 /* Products */,
				D82936C89584B80FB670D7FA /* Pods */,
				28586546D4F1B8B738FE9885 /* Frameworks */,
			);
			sourceTree = "<group>";
		};
		6FFE49C51F3DBCE20091F7C7 /* Products */ = {
			isa = PBXGroup;
			children = (
				6FFE49C41F3DBCE20091F7C7 /* heartThem.app */,
			);
			name = Products;
			sourceTree = "<group>";
		};
		6FFE49C61F3DBCE20091F7C7 /* heartThem */ = {
			isa = PBXGroup;
			children = (
				6FFE49DE1F3EB4CF0091F7C7 /* util */,
				6FFE49DD1F3DC25E0091F7C7 /* Model */,
				6FFE49DC1F3DC25A0091F7C7 /* View */,
				6FFE49DB1F3DC2530091F7C7 /* Controller */,
				6FFE49C71F3DBCE20091F7C7 /* AppDelegate.swift */,
				6FFE49CB1F3DBCE20091F7C7 /* Main.storyboard */,
				6FFE49CE1F3DBCE20091F7C7 /* Assets.xcassets */,
				6FFE49D01F3DBCE20091F7C7 /* LaunchScreen.storyboard */,
				6FFE49D31F3DBCE20091F7C7 /* Info.plist */,
				6FFE49D91F3DBEA70091F7C7 /* GoogleService-Info.plist */,
			);
			path = heartThem;
			sourceTree = "<group>";
		};
		6FFE49DB1F3DC2530091F7C7 /* Controller */ = {
			isa = PBXGroup;
			children = (
				6FFE49C91F3DBCE20091F7C7 /* SignInVC.swift */,
				6FFE49E91F3F093B0091F7C7 /* FeedVC.swift */,
			);
			name = Controller;
			sourceTree = "<group>";
		};
		6FFE49DC1F3DC25A0091F7C7 /* View */ = {
			isa = PBXGroup;
			children = (
				6FFE49E11F3EB52D0091F7C7 /* FancyView.swift */,
				6FFE49E31F3EB6470091F7C7 /* RoundButton.swift */,
				6FFE49E51F3EB8200091F7C7 /* FancyTextField.swift */,
				6FFE49E71F3EBDE30091F7C7 /* ShadowOnLabel.swift */,
				6FFE49EB1F3F26F30091F7C7 /* RoundImage.swift */,
				6FFE49EF1F3F5BFE0091F7C7 /* PostCell.swift */,
			);
			name = View;
			sourceTree = "<group>";
		};
		6FFE49DD1F3DC25E0091F7C7 /* Model */ = {
			isa = PBXGroup;
			children = (
			);
			name = Model;
			sourceTree = "<group>";
		};
		6FFE49DE1F3EB4CF0091F7C7 /* util */ = {
			isa = PBXGroup;
			children = (
				6FFE49DF1F3EB4E50091F7C7 /* constants.swift */,
			);
			name = util;
			sourceTree = "<group>";
		};
		D82936C89584B80FB670D7FA /* Pods */ = {
			isa = PBXGroup;
			children = (
				54DE98942E12C147B4294668 /* Pods-heartThem.debug.xcconfig */,
				8BA5A94371651BC0D742EC10 /* Pods-heartThem.release.xcconfig */,
			);
			name = Pods;
			sourceTree = "<group>";
		};
/* End PBXGroup section */

/* Begin PBXNativeTarget section */
		6FFE49C31F3DBCE20091F7C7 /* heartThem */ = {
			isa = PBXNativeTarget;
			buildConfigurationList = 6FFE49D61F3DBCE20091F7C7 /* Build configuration list for PBXNativeTarget "heartThem" */;
			buildPhases = (
				45C77A2CC86175E37167015F /* [CP] Check Pods Manifest.lock */,
				6FFE49C01F3DBCE20091F7C7 /* Sources */,
				6FFE49C11F3DBCE20091F7C7 /* Frameworks */,
				6FFE49C21F3DBCE20091F7C7 /* Resources */,
				DFBCDA8FD0737FC409E4849C /* [CP] Embed Pods Frameworks */,
				1A2BAF7CCDA1721C4886C3C0 /* [CP] Copy Pods Resources */,
			);
			buildRules = (
			);
			dependencies = (
			);
			name = heartThem;
			productName = heartThem;
			productReference = 6FFE49C41F3DBCE20091F7C7 /* heartThem.app */;
			productType = "com.apple.product-type.application";
		};
/* End PBXNativeTarget section */

/* Begin PBXProject section */
		6FFE49BC1F3DBCE20091F7C7 /* Project object */ = {
			isa = PBXProject;
			attributes = {
				LastSwiftUpdateCheck = 0830;
				LastUpgradeCheck = 0830;
				ORGANIZATIONNAME = "Tushar Katyal";
				TargetAttributes = {
					6FFE49C31F3DBCE20091F7C7 = {
						CreatedOnToolsVersion = 8.3.3;
						DevelopmentTeam = S43L4C4K8B;
						ProvisioningStyle = Automatic;
					};
				};
			};
			buildConfigurationList = 6FFE49BF1F3DBCE20091F7C7 /* Build configuration list for PBXProject "heartThem" */;
			compatibilityVersion = "Xcode 3.2";
			developmentRegion = English;
			hasScannedForEncodings = 0;
			knownRegions = (
				en,
				Base,
			);
			mainGroup = 6FFE49BB1F3DBCE20091F7C7;
			productRefGroup = 6FFE49C51F3DBCE20091F7C7 /* Products */;
			projectDirPath = "";
			projectRoot = "";
			targets = (
				6FFE49C31F3DBCE20091F7C7 /* heartThem */,
			);
		};
/* End PBXProject section */

/* Begin PBXResourcesBuildPhase section */
		6FFE49C21F3DBCE20091F7C7 /* Resources */ = {
			isa = PBXResourcesBuildPhase;
			buildActionMask = 2147483647;
			files = (
				6FFE49D21F3DBCE20091F7C7 /* LaunchScreen.storyboard in Resources */,
				6FFE49DA1F3DBEA70091F7C7 /* GoogleService-Info.plist in Resources */,
				6FFE49CF1F3DBCE20091F7C7 /* Assets.xcassets in Resources */,
				6FFE49CD1F3DBCE20091F7C7 /* Main.storyboard in Resources */,
			);
			runOnlyForDeploymentPostprocessing = 0;
		};
/* End PBXResourcesBuildPhase section */

/* Begin PBXShellScriptBuildPhase section */
		1A2BAF7CCDA1721C4886C3C0 /* [CP] Copy Pods Resources */ = {
			isa = PBXShellScriptBuildPhase;
			buildActionMask = 2147483647;
			files = (
			);
			inputPaths = (
			);
			name = "[CP] Copy Pods Resources";
			outputPaths = (
			);
			runOnlyForDeploymentPostprocessing = 0;
			shellPath = /bin/sh;
			shellScript = "\"${SRCROOT}/Pods/Target Support Files/Pods-heartThem/Pods-heartThem-resources.sh\"\n";
			showEnvVarsInLog = 0;
		};
		45C77A2CC86175E37167015F /* [CP] Check Pods Manifest.lock */ = {
			isa = PBXShellScriptBuildPhase;
			buildActionMask = 2147483647;
			files = (
			);
			inputPaths = (
				"${PODS_PODFILE_DIR_PATH}/Podfile.lock",
				"${PODS_ROOT}/Manifest.lock",
			);
			name = "[CP] Check Pods Manifest.lock";
			outputPaths = (
				"$(DERIVED_FILE_DIR)/Pods-heartThem-checkManifestLockResult.txt",
			);
			runOnlyForDeploymentPostprocessing = 0;
			shellPath = /bin/sh;
			shellScript = "diff \"${PODS_PODFILE_DIR_PATH}/Podfile.lock\" \"${PODS_ROOT}/Manifest.lock\" > /dev/null\nif [ $? != 0 ] ; then\n    # print error to STDERR\n    echo \"error: The sandbox is not in sync with the Podfile.lock. Run 'pod install' or update your CocoaPods installation.\" >&2\n    exit 1\nfi\n# This output is used by Xcode 'outputs' to avoid re-running this script phase.\necho \"SUCCESS\" > \"${SCRIPT_OUTPUT_FILE_0}\"\n";
			showEnvVarsInLog = 0;
		};
		DFBCDA8FD0737FC409E4849C /* [CP] Embed Pods Frameworks */ = {
			isa = PBXShellScriptBuildPhase;
			buildActionMask = 2147483647;
			files = (
			);
			inputPaths = (
				"${SRCROOT}/Pods/Target Support Files/Pods-heartThem/Pods-heartThem-frameworks.sh",
				"${BUILT_PRODUCTS_DIR}/Bolts/Bolts.framework",
				"${BUILT_PRODUCTS_DIR}/FBSDKCoreKit/FBSDKCoreKit.framework",
				"${BUILT_PRODUCTS_DIR}/FBSDKLoginKit/FBSDKLoginKit.framework",
				"${BUILT_PRODUCTS_DIR}/GTMSessionFetcher/GTMSessionFetcher.framework",
				"${BUILT_PRODUCTS_DIR}/GoogleToolboxForMac/GoogleToolboxForMac.framework",
				"${BUILT_PRODUCTS_DIR}/SwiftKeychainWrapper/SwiftKeychainWrapper.framework",
				"${BUILT_PRODUCTS_DIR}/nanopb/nanopb.framework",
			);
			name = "[CP] Embed Pods Frameworks";
			outputPaths = (
				"${TARGET_BUILD_DIR}/${FRAMEWORKS_FOLDER_PATH}/Bolts.framework",
				"${TARGET_BUILD_DIR}/${FRAMEWORKS_FOLDER_PATH}/FBSDKCoreKit.framework",
				"${TARGET_BUILD_DIR}/${FRAMEWORKS_FOLDER_PATH}/FBSDKLoginKit.framework",
				"${TARGET_BUILD_DIR}/${FRAMEWORKS_FOLDER_PATH}/GTMSessionFetcher.framework",
				"${TARGET_BUILD_DIR}/${FRAMEWORKS_FOLDER_PATH}/GoogleToolboxForMac.framework",
				"${TARGET_BUILD_DIR}/${FRAMEWORKS_FOLDER_PATH}/SwiftKeychainWrapper.framework",
				"${TARGET_BUILD_DIR}/${FRAMEWORKS_FOLDER_PATH}/nanopb.framework",
			);
			runOnlyForDeploymentPostprocessing = 0;
			shellPath = /bin/sh;
			shellScript = "\"${SRCROOT}/Pods/Target Support Files/Pods-heartThem/Pods-heartThem-frameworks.sh\"\n";
			showEnvVarsInLog = 0;
		};
/* End PBXShellScriptBuildPhase section */

/* Begin PBXSourcesBuildPhase section */
		6FFE49C01F3DBCE20091F7C7 /* Sources */ = {
			isa = PBXSourcesBuildPhase;
			buildActionMask = 2147483647;
			files = (
				6FFE49CA1F3DBCE20091F7C7 /* SignInVC.swift in Sources */,
				6FFE49E41F3EB6470091F7C7 /* RoundButton.swift in Sources */,
				6FFE49C81F3DBCE20091F7C7 /* AppDelegate.swift in Sources */,
				6FFE49E61F3EB8200091F7C7 /* FancyTextField.swift in Sources */,
				6FFE49EC1F3F26F30091F7C7 /* RoundImage.swift in Sources */,
				6FFE49EA1F3F093B0091F7C7 /* FeedVC.swift in Sources */,
				6FFE49E81F3EBDE30091F7C7 /* ShadowOnLabel.swift in Sources */,
				6FFE49E21F3EB52D0091F7C7 /* FancyView.swift in Sources */,
				6FFE49E01F3EB4E60091F7C7 /* constants.swift in Sources */,
				6FFE49F01F3F5BFE0091F7C7 /* PostCell.swift in Sources */,
			);
			runOnlyForDeploymentPostprocessing = 0;
		};
/* End PBXSourcesBuildPhase section */

/* Begin PBXVariantGroup section */
		6FFE49CB1F3DBCE20091F7C7 /* Main.storyboard */ = {
			isa = PBXVariantGroup;
			children = (
				6FFE49CC1F3DBCE20091F7C7 /* Base */,
			);
			name = Main.storyboard;
			sourceTree = "<group>";
		};
		6FFE49D01F3DBCE20091F7C7 /* LaunchScreen.storyboard */ = {
			isa = PBXVariantGroup;
			children = (
				6FFE49D11F3DBCE20091F7C7 /* Base */,
			);
			name = LaunchScreen.storyboard;
			sourceTree = "<group>";
		};
/* End PBXVariantGroup section */

/* Begin XCBuildConfiguration section */
		6FFE49D41F3DBCE20091F7C7 /* Debug */ = {
			isa = XCBuildConfiguration;
			buildSettings = {
				ALWAYS_SEARCH_USER_PATHS = NO;
				CLANG_ANALYZER_NONNULL = YES;
				CLANG_ANALYZER_NUMBER_OBJECT_CONVERSION = YES_AGGRESSIVE;
				CLANG_CXX_LANGUAGE_STANDARD = "gnu++0x";
				CLANG_CXX_LIBRARY = "libc++";
				CLANG_ENABLE_MODULES = YES;
				CLANG_ENABLE_OBJC_ARC = YES;
				CLANG_WARN_BOOL_CONVERSION = YES;
				CLANG_WARN_CONSTANT_CONVERSION = YES;
				CLANG_WARN_DIRECT_OBJC_ISA_USAGE = YES_ERROR;
				CLANG_WARN_DOCUMENTATION_COMMENTS = YES;
				CLANG_WARN_EMPTY_BODY = YES;
				CLANG_WARN_ENUM_CONVERSION = YES;
				CLANG_WARN_INFINITE_RECURSION = YES;
				CLANG_WARN_INT_CONVERSION = YES;
				CLANG_WARN_OBJC_ROOT_CLASS = YES_ERROR;
				CLANG_WARN_SUSPICIOUS_MOVE = YES;
				CLANG_WARN_UNREACHABLE_CODE = YES;
				CLANG_WARN__DUPLICATE_METHOD_MATCH = YES;
				"CODE_SIGN_IDENTITY[sdk=iphoneos*]" = "iPhone Developer";
				COPY_PHASE_STRIP = NO;
				DEBUG_INFORMATION_FORMAT = dwarf;
				ENABLE_STRICT_OBJC_MSGSEND = YES;
				ENABLE_TESTABILITY = YES;
				GCC_C_LANGUAGE_STANDARD = gnu99;
				GCC_DYNAMIC_NO_PIC = NO;
				GCC_NO_COMMON_BLOCKS = YES;
				GCC_OPTIMIZATION_LEVEL = 0;
				GCC_PREPROCESSOR_DEFINITIONS = (
					"DEBUG=1",
					"$(inherited)",
				);
				GCC_WARN_64_TO_32_BIT_CONVERSION = YES;
				GCC_WARN_ABOUT_RETURN_TYPE = YES_ERROR;
				GCC_WARN_UNDECLARED_SELECTOR = YES;
				GCC_WARN_UNINITIALIZED_AUTOS = YES_AGGRESSIVE;
				GCC_WARN_UNUSED_FUNCTION = YES;
				GCC_WARN_UNUSED_VARIABLE = YES;
				IPHONEOS_DEPLOYMENT_TARGET = 10.3;
				MTL_ENABLE_DEBUG_INFO = YES;
				ONLY_ACTIVE_ARCH = YES;
				SDKROOT = iphoneos;
				SWIFT_ACTIVE_COMPILATION_CONDITIONS = DEBUG;
				SWIFT_OPTIMIZATION_LEVEL = "-Onone";
			};
			name = Debug;
		};
		6FFE49D51F3DBCE20091F7C7 /* Release */ = {
			isa = XCBuildConfiguration;
			buildSettings = {
				ALWAYS_SEARCH_USER_PATHS = NO;
				CLANG_ANALYZER_NONNULL = YES;
				CLANG_ANALYZER_NUMBER_OBJECT_CONVERSION = YES_AGGRESSIVE;
				CLANG_CXX_LANGUAGE_STANDARD = "gnu++0x";
				CLANG_CXX_LIBRARY = "libc++";
				CLANG_ENABLE_MODULES = YES;
				CLANG_ENABLE_OBJC_ARC = YES;
				CLANG_WARN_BOOL_CONVERSION = YES;
				CLANG_WARN_CONSTANT_CONVERSION = YES;
				CLANG_WARN_DIRECT_OBJC_ISA_USAGE = YES_ERROR;
				CLANG_WARN_DOCUMENTATION_COMMENTS = YES;
				CLANG_WARN_EMPTY_BODY = YES;
				CLANG_WARN_ENUM_CONVERSION = YES;
				CLANG_WARN_INFINITE_RECURSION = YES;
				CLANG_WARN_INT_CONVERSION = YES;
				CLANG_WARN_OBJC_ROOT_CLASS = YES_ERROR;
				CLANG_WARN_SUSPICIOUS_MOVE = YES;
				CLANG_WARN_UNREACHABLE_CODE = YES;
				CLANG_WARN__DUPLICATE_METHOD_MATCH = YES;
				"CODE_SIGN_IDENTITY[sdk=iphoneos*]" = "iPhone Developer";
				COPY_PHASE_STRIP = NO;
				DEBUG_INFORMATION_FORMAT = "dwarf-with-dsym";
				ENABLE_NS_ASSERTIONS = NO;
				ENABLE_STRICT_OBJC_MSGSEND = YES;
				GCC_C_LANGUAGE_STANDARD = gnu99;
				GCC_NO_COMMON_BLOCKS = YES;
				GCC_WARN_64_TO_32_BIT_CONVERSION = YES;
				GCC_WARN_ABOUT_RETURN_TYPE = YES_ERROR;
				GCC_WARN_UNDECLARED_SELECTOR = YES;
				GCC_WARN_UNINITIALIZED_AUTOS = YES_AGGRESSIVE;
				GCC_WARN_UNUSED_FUNCTION = YES;
				GCC_WARN_UNUSED_VARIABLE = YES;
				IPHONEOS_DEPLOYMENT_TARGET = 10.3;
				MTL_ENABLE_DEBUG_INFO = NO;
				SDKROOT = iphoneos;
				SWIFT_OPTIMIZATION_LEVEL = "-Owholemodule";
				VALIDATE_PRODUCT = YES;
			};
			name = Release;
		};
		6FFE49D71F3DBCE20091F7C7 /* Debug */ = {
			isa = XCBuildConfiguration;
			baseConfigurationReference = 54DE98942E12C147B4294668 /* Pods-heartThem.debug.xcconfig */;
			buildSettings = {
				ASSETCATALOG_COMPILER_APPICON_NAME = AppIcon;
				DEVELOPMENT_TEAM = S43L4C4K8B;
				INFOPLIST_FILE = heartThem/Info.plist;
				LD_RUNPATH_SEARCH_PATHS = "$(inherited) @executable_path/Frameworks";
				PRODUCT_BUNDLE_IDENTIFIER = katyal.pushmynotifs;
				PRODUCT_NAME = "$(TARGET_NAME)";
				SWIFT_VERSION = 3.0;
			};
			name = Debug;
		};
		6FFE49D81F3DBCE20091F7C7 /* Release */ = {
			isa = XCBuildConfiguration;
			baseConfigurationReference = 8BA5A94371651BC0D742EC10 /* Pods-heartThem.release.xcconfig */;
			buildSettings = {
				ASSETCATALOG_COMPILER_APPICON_NAME = AppIcon;
				DEVELOPMENT_TEAM = S43L4C4K8B;
				INFOPLIST_FILE = heartThem/Info.plist;
				LD_RUNPATH_SEARCH_PATHS = "$(inherited) @executable_path/Frameworks";
				PRODUCT_BUNDLE_IDENTIFIER = katyal.pushmynotifs;
				PRODUCT_NAME = "$(TARGET_NAME)";
				SWIFT_VERSION = 3.0;
			};
			name = Release;
		};
/* End XCBuildConfiguration section */

/* Begin XCConfigurationList section */
		6FFE49BF1F3DBCE20091F7C7 /* Build configuration list for PBXProject "heartThem" */ = {
			isa = XCConfigurationList;
			buildConfigurations = (
				6FFE49D41F3DBCE20091F7C7 /* Debug */,
				6FFE49D51F3DBCE20091F7C7 /* Release */,
			);
			defaultConfigurationIsVisible = 0;
			defaultConfigurationName = Release;
		};
		6FFE49D61F3DBCE20091F7C7 /* Build configuration list for PBXNativeTarget "heartThem" */ = {
			isa = XCConfigurationList;
			buildConfigurations = (
				6FFE49D71F3DBCE20091F7C7 /* Debug */,
				6FFE49D81F3DBCE20091F7C7 /* Release */,
			);
			defaultConfigurationIsVisible = 0;
			defaultConfigurationName = Release;
		};
/* End XCConfigurationList section */
	};
	rootObject = 6FFE49BC1F3DBCE20091F7C7 /* Project object */;
}
